
Microsoft Visual Studio Solution File, Format Version 12.00
# Visual Studio 14
VisualStudioVersion = 14.0.25420.1
MinimumVisualStudioVersion = 10.0.40219.1
Project("{FAE04EC0-301F-11D3-BF4B-00C04F79EFBC}") = "ConstraintSatisfactionProblem", "ConstraintSatisfactionProblem.csproj", "{27502743-EFE2-414D-8D43-289712132A0C}"
EndProject
Project("{FAE04EC0-301F-11D3-BF4B-00C04F79EFBC}") = "ConstraintSatisfactionProblemTests", "..\ConstraintSatisfactionProblemTests\ConstraintSatisfactionProblemTests.csproj", "{D227CF57-235F-4015-BD73-ED7FD9C56C7C}"
EndProject
Global
	GlobalSection(SolutionConfigurationPlatforms) = preSolution
		Debug|Any CPU = Debug|Any CPU
		Release|Any CPU = Release|Any CPU
	EndGlobalSection
	GlobalSection(ProjectConfigurationPlatforms) = postSolution
		{27502743-EFE2-414D-8D43-289712132A0C}.Debug|Any CPU.ActiveCfg = Debug|Any CPU
		{27502743-EFE2-414D-8D43-289712132A0C}.Debug|Any CPU.Build.0 = Debug|Any CPU
		{27502743-EFE2-414D-8D43-289712132A0C}.Release|Any CPU.ActiveCfg = Release|Any CPU
		{27502743-EFE2-414D-8D43-289712132A0C}.Release|Any CPU.Build.0 = Release|Any CPU
		{D227CF57-235F-4015-BD73-ED7FD9C56C7C}.Debug|Any CPU.ActiveCfg = Debug|Any CPU
		{D227CF57-235F-4015-BD73-ED7FD9C56C7C}.Debug|Any CPU.Build.0 = Debug|Any CPU
		{D227CF57-235F-4015-BD73-ED7FD9C56C7C}.Release|Any CPU.ActiveCfg = Release|Any CPU
		{D227CF57-235F-4015-BD73-ED7FD9C56C7C}.Release|Any CPU.Build.0 = Release|Any CPU
	EndGlobalSection
	GlobalSection(SolutionProperties) = preSolution
		HideSolutionNode = FALSE
	EndGlobalSection
EndGlobal
